github.com/davecgh/go-spew v1.1.0/go.mod h1:J7Y8YcW2NihsgmVo/mv3lAwl/skON4iLHjSsI+c5H38=
github.com/ebi-yade/go-pkg-test/to v0.0.0-20210510211930-365b5bd8ac44 h1:Iocebx8w3ibOWvEi8/s0eLlaCe3tXNvRN3PY7mLg2yI=
github.com/ebi-yade/go-pkg-test/to v0.0.0-20210510211930-365b5bd8ac44/go.mod h1:nbeOduPRaes1xODRrb/YNrPgYVlKJrv6yJCTbOJujeE=
github.com/jakehl/goid v1.1.0 h1:c08GO8z16wWJtfQhyiD8BQRFkpf1oDxaPmA+uYAG+50=
github.com/jakehl/goid v1.1.0/go.mod h1:V6bQh+tr2Oay5WHL0jmTTJWrABYIO+cs4/P6e1prV1o=
github.com/pmezard/go-difflib v1.0.0/go.mod h1:iKH77koFhYxTK1pcRnkKkqfTogsbg7gZNVY4sRDYZ/4=
github.com/stretchr/objx v0.1.0/go.mod h1:HFkY916IF+rwdDfMAkV7OtwuqBVzrE8GR6GFx+wExME=
github.com/stretchr/testify v1.7.0/go.mod h1:6Fq8oRcR53rry900zMqJjRRixrwX3KX962/h/Wwjteg=
github.com/uniplaces/carbon v0.1.6/go.mod h1:glebpttsTxh8fBbciRAy3WvLfhBVa8n7qfgDTMAuJ3Y=
gopkg.in/check.v1 v0.0.0-20161208181325-20d25e280405/go.mod h1:Co6ibVJAznAaIkqp8huTwlJQCZ016jof/cbN4VW5Yz0=
gopkg.in/yaml.v3 v3.0.0-20200313102051-9f266ea9e77c/go.mod h1:K4uyk7z7BCEPqu6E+C64Yfv1cQ7kz7rIZviUmN+EgEM=
